
Microsoft Visual Studio Solution File, Format Version 12.00
# Visual Studio Version 16
VisualStudioVersion = 16.0.34114.132
MinimumVisualStudioVersion = 10.0.40219.1
Project("{FAE04EC0-301F-11D3-BF4B-00C04F79EFBC}") = "test1017", "test1017\test1017.csproj", "{F9B6718E-6954-44EE-AF0B-23E3B1C8A526}"
EndProject
Global
	GlobalSection(SolutionConfigurationPlatforms) = preSolution
		Debug|Any CPU = Debug|Any CPU
		Release|Any CPU = Release|Any CPU
	EndGlobalSection
	GlobalSection(ProjectConfigurationPlatforms) = postSolution
		{F9B6718E-6954-44EE-AF0B-23E3B1C8A526}.Debug|Any CPU.ActiveCfg = Debug|Any CPU
		{F9B6718E-6954-44EE-AF0B-23E3B1C8A526}.Debug|Any CPU.Build.0 = Debug|Any CPU
		{F9B6718E-6954-44EE-AF0B-23E3B1C8A526}.Release|Any CPU.ActiveCfg = Release|Any CPU
		{F9B6718E-6954-44EE-AF0B-23E3B1C8A526}.Release|Any CPU.Build.0 = Release|Any CPU
	EndGlobalSection
	GlobalSection(SolutionProperties) = preSolution
		HideSolutionNode = FALSE
	EndGlobalSection
	GlobalSection(ExtensibilityGlobals) = postSolution
		SolutionGuid = {03DF3F0D-0261-4ADE-96DB-AB3C020EEFA3}
	EndGlobalSection
EndGlobal
